
Microsoft Visual Studio Solution File, Format Version 12.00
# Visual Studio 15
VisualStudioVersion = 15.0.27004.2006
MinimumVisualStudioVersion = 10.0.40219.1
Project("{888888A0-9F3D-457C-B088-3A5042F75D52}") = "CleanTextPython", "CleanTextPython\CleanTextPython.pyproj", "{DC61ECAA-C017-4B5A-9C7D-CAC8653E6A46}"
EndProject
Global
	GlobalSection(SolutionConfigurationPlatforms) = preSolution
		Debug|Any CPU = Debug|Any CPU
		Release|Any CPU = Release|Any CPU
	EndGlobalSection
	GlobalSection(ProjectConfigurationPlatforms) = postSolution
		{DC61ECAA-C017-4B5A-9C7D-CAC8653E6A46}.Debug|Any CPU.ActiveCfg = Debug|Any CPU
		{DC61ECAA-C017-4B5A-9C7D-CAC8653E6A46}.Release|Any CPU.ActiveCfg = Release|Any CPU
	EndGlobalSection
	GlobalSection(SolutionProperties) = preSolution
		HideSolutionNode = FALSE
	EndGlobalSection
	GlobalSection(ExtensibilityGlobals) = postSolution
		SolutionGuid = {F6A1386E-7ED7-4FD6-98A7-C0360C8921D4}
	EndGlobalSection
EndGlobal
